{
  "object": {
    "pins": [
      {
        "package": "SlideStyler",
        "repositoryURL": "https://github.com/dimsumthinking/SlideStyler.git",
        "state": {
          "branch": "main",
          "revision": "cef9d11da990e31cb52d33f3224deb89bf86a2fe",
          "version": null
        }
      }
    ]
  },
  "version": 1
}
