{
  "object": {
    "pins": [
      {
        "package": "SlideStyler",
        "repositoryURL": "https://github.com/dimsumthinking/SlideStyler.git",
        "state": {
          "branch": "main",
          "revision": "14f8ac66034ba710ed2647417432b0aec408ce67",
          "version": null
        }
      }
    ]
  },
  "version": 1
}
